
Microsoft Visual Studio Solution File, Format Version 12.00
# Visual Studio 15
VisualStudioVersion = 15.0.28010.2026
MinimumVisualStudioVersion = 10.0.40219.1
Project("{FAE04EC0-301F-11D3-BF4B-00C04F79EFBC}") = "BIDSid_SerCon", "BIDSid_SerCon\BIDSid_SerCon.csproj", "{68366A32-0DF3-4E20-AFD0-D9CD9833A2DC}"
EndProject
Global
	GlobalSection(SolutionConfigurationPlatforms) = preSolution
		Debug|Any CPU = Debug|Any CPU
		Release|Any CPU = Release|Any CPU
	EndGlobalSection
	GlobalSection(ProjectConfigurationPlatforms) = postSolution
		{68366A32-0DF3-4E20-AFD0-D9CD9833A2DC}.Debug|Any CPU.ActiveCfg = Debug|Any CPU
		{68366A32-0DF3-4E20-AFD0-D9CD9833A2DC}.Debug|Any CPU.Build.0 = Debug|Any CPU
		{68366A32-0DF3-4E20-AFD0-D9CD9833A2DC}.Release|Any CPU.ActiveCfg = Release|Any CPU
		{68366A32-0DF3-4E20-AFD0-D9CD9833A2DC}.Release|Any CPU.Build.0 = Release|Any CPU
	EndGlobalSection
	GlobalSection(SolutionProperties) = preSolution
		HideSolutionNode = FALSE
	EndGlobalSection
	GlobalSection(ExtensibilityGlobals) = postSolution
		SolutionGuid = {39E890B8-FA9C-4F06-8F56-8B45536772AB}
	EndGlobalSection
EndGlobal
